
Microsoft Visual Studio Solution File, Format Version 12.00
# Visual Studio Version 17
VisualStudioVersion = 17.10.35122.118
MinimumVisualStudioVersion = 10.0.40219.1
Project("{FAE04EC0-301F-11D3-BF4B-00C04F79EFBC}") = "MonthlyRevenueAPI", "MonthlyRevenueAPI\MonthlyRevenueAPI.csproj", "{3CF3B649-28C6-4524-93CC-DCE7ACCAF1BD}"
EndProject
Global
	GlobalSection(SolutionConfigurationPlatforms) = preSolution
		Debug|Any CPU = Debug|Any CPU
		Release|Any CPU = Release|Any CPU
	EndGlobalSection
	GlobalSection(ProjectConfigurationPlatforms) = postSolution
		{3CF3B649-28C6-4524-93CC-DCE7ACCAF1BD}.Debug|Any CPU.ActiveCfg = Debug|Any CPU
		{3CF3B649-28C6-4524-93CC-DCE7ACCAF1BD}.Debug|Any CPU.Build.0 = Debug|Any CPU
		{3CF3B649-28C6-4524-93CC-DCE7ACCAF1BD}.Release|Any CPU.ActiveCfg = Release|Any CPU
		{3CF3B649-28C6-4524-93CC-DCE7ACCAF1BD}.Release|Any CPU.Build.0 = Release|Any CPU
	EndGlobalSection
	GlobalSection(SolutionProperties) = preSolution
		HideSolutionNode = FALSE
	EndGlobalSection
	GlobalSection(ExtensibilityGlobals) = postSolution
		SolutionGuid = {6DBDA83B-857A-49B1-AD6B-0CBF8B45AF84}
	EndGlobalSection
EndGlobal
